
Microsoft Visual Studio Solution File, Format Version 12.00
Project("{FAE04EC0-301F-11D3-BF4B-00C04F79EFBC}") = "NLUL.Core", "NLUL.Core\NLUL.Core.csproj", "{4E910BC3-DA7D-4497-9153-9B37915C1427}"
EndProject
Project("{FAE04EC0-301F-11D3-BF4B-00C04F79EFBC}") = "NLUL.Core.Test", "NLUL.Core.Test\NLUL.Core.Test.csproj", "{756056EE-304F-403B-927F-E45C8DEF707A}"
EndProject
Project("{FAE04EC0-301F-11D3-BF4B-00C04F79EFBC}") = "InfectedRose.Lvl", "InfectedRose\InfectedRose.Lvl\InfectedRose.Lvl.csproj", "{53411A31-E823-46BB-88C7-C7F291135A6E}"
EndProject
Project("{FAE04EC0-301F-11D3-BF4B-00C04F79EFBC}") = "InfectedRose.Core", "InfectedRose\InfectedRose.Core\InfectedRose.Core.csproj", "{3AEFD244-3AFA-443F-8E5A-BCC65D820DCB}"
EndProject
Project("{FAE04EC0-301F-11D3-BF4B-00C04F79EFBC}") = "Nexus.LU.Launcher.State", "Nexus.LU.Launcher.State\Nexus.LU.Launcher.State.csproj", "{28E915BE-4160-4D49-A368-33A781C97B3B}"
EndProject
Project("{FAE04EC0-301F-11D3-BF4B-00C04F79EFBC}") = "Nexus.LU.Launcher.Gui", "Nexus.LU.Launcher.Gui\Nexus.LU.Launcher.Gui.csproj", "{D59DC3DD-975D-4316-8FBA-C26E343A7ABF}"
EndProject
Global
	GlobalSection(SolutionConfigurationPlatforms) = preSolution
		Debug|Any CPU = Debug|Any CPU
		Release|Any CPU = Release|Any CPU
	EndGlobalSection
	GlobalSection(ProjectConfigurationPlatforms) = postSolution
		{4E910BC3-DA7D-4497-9153-9B37915C1427}.Debug|Any CPU.ActiveCfg = Debug|Any CPU
		{4E910BC3-DA7D-4497-9153-9B37915C1427}.Debug|Any CPU.Build.0 = Debug|Any CPU
		{4E910BC3-DA7D-4497-9153-9B37915C1427}.Release|Any CPU.ActiveCfg = Release|Any CPU
		{4E910BC3-DA7D-4497-9153-9B37915C1427}.Release|Any CPU.Build.0 = Release|Any CPU
		{756056EE-304F-403B-927F-E45C8DEF707A}.Debug|Any CPU.ActiveCfg = Debug|Any CPU
		{756056EE-304F-403B-927F-E45C8DEF707A}.Debug|Any CPU.Build.0 = Debug|Any CPU
		{756056EE-304F-403B-927F-E45C8DEF707A}.Release|Any CPU.ActiveCfg = Release|Any CPU
		{756056EE-304F-403B-927F-E45C8DEF707A}.Release|Any CPU.Build.0 = Release|Any CPU
		{53411A31-E823-46BB-88C7-C7F291135A6E}.Debug|Any CPU.ActiveCfg = Debug|Any CPU
		{53411A31-E823-46BB-88C7-C7F291135A6E}.Debug|Any CPU.Build.0 = Debug|Any CPU
		{53411A31-E823-46BB-88C7-C7F291135A6E}.Release|Any CPU.ActiveCfg = Release|Any CPU
		{53411A31-E823-46BB-88C7-C7F291135A6E}.Release|Any CPU.Build.0 = Release|Any CPU
		{3AEFD244-3AFA-443F-8E5A-BCC65D820DCB}.Debug|Any CPU.ActiveCfg = Debug|Any CPU
		{3AEFD244-3AFA-443F-8E5A-BCC65D820DCB}.Debug|Any CPU.Build.0 = Debug|Any CPU
		{3AEFD244-3AFA-443F-8E5A-BCC65D820DCB}.Release|Any CPU.ActiveCfg = Release|Any CPU
		{3AEFD244-3AFA-443F-8E5A-BCC65D820DCB}.Release|Any CPU.Build.0 = Release|Any CPU
		{28E915BE-4160-4D49-A368-33A781C97B3B}.Debug|Any CPU.ActiveCfg = Debug|Any CPU
		{28E915BE-4160-4D49-A368-33A781C97B3B}.Debug|Any CPU.Build.0 = Debug|Any CPU
		{28E915BE-4160-4D49-A368-33A781C97B3B}.Release|Any CPU.ActiveCfg = Release|Any CPU
		{28E915BE-4160-4D49-A368-33A781C97B3B}.Release|Any CPU.Build.0 = Release|Any CPU
		{D59DC3DD-975D-4316-8FBA-C26E343A7ABF}.Debug|Any CPU.ActiveCfg = Debug|Any CPU
		{D59DC3DD-975D-4316-8FBA-C26E343A7ABF}.Debug|Any CPU.Build.0 = Debug|Any CPU
		{D59DC3DD-975D-4316-8FBA-C26E343A7ABF}.Release|Any CPU.ActiveCfg = Release|Any CPU
		{D59DC3DD-975D-4316-8FBA-C26E343A7ABF}.Release|Any CPU.Build.0 = Release|Any CPU
	EndGlobalSection
EndGlobal
